{
  "nodes": {
    "nixpkgs": {
      "locked": {
        "lastModified": 1696087907,
        "narHash": "sha256-VsnAilLrjWouVZB8z8P/9RjnQ8VVxGgA3QBM2jqr3f0=",
        "owner": "NixOS",
        "repo": "nixpkgs",
        "rev": "efb9f8b2dc98338f1c6827487ad7fc8bbeb4f9f0",
        "type": "github"
      },
      "original": {
        "owner": "NixOS",
        "repo": "nixpkgs",
        "type": "github"
      }
    },
    "root": {
      "inputs": {
        "nixpkgs": "nixpkgs"
      }
    }
  },
  "root": "root",
  "version": 7
}
